
Microsoft Visual Studio Solution File, Format Version 12.00
# Visual Studio 15
VisualStudioVersion = 15.0.27130.2003
MinimumVisualStudioVersion = 10.0.40219.1
Project("{8BC9CEB8-8B4A-11D0-8D11-00A0C91BC942}") = "RMD-WindowsAPI-Gtest", "RMD-WindowsAPI-Gtest\RMD-WindowsAPI-Gtest.vcxproj", "{27413A19-44D3-4B8C-B7CB-AB54A8A9296E}"
EndProject
Project("{8BC9CEB8-8B4A-11D0-8D11-00A0C91BC942}") = "RMCCore-Gtest", "RMCCore-Gtest\RMCCore-Gtest.vcxproj", "{3F6D5AB5-8DEB-450A-A259-DCAC3C7AABC0}"
EndProject
Global
	GlobalSection(SolutionConfigurationPlatforms) = preSolution
		Debug|x64 = Debug|x64
		Debug|x86 = Debug|x86
		Release|x64 = Release|x64
		Release|x86 = Release|x86
	EndGlobalSection
	GlobalSection(ProjectConfigurationPlatforms) = postSolution
		{27413A19-44D3-4B8C-B7CB-AB54A8A9296E}.Debug|x64.ActiveCfg = Debug|x64
		{27413A19-44D3-4B8C-B7CB-AB54A8A9296E}.Debug|x64.Build.0 = Debug|x64
		{27413A19-44D3-4B8C-B7CB-AB54A8A9296E}.Debug|x86.ActiveCfg = Debug|Win32
		{27413A19-44D3-4B8C-B7CB-AB54A8A9296E}.Debug|x86.Build.0 = Debug|Win32
		{27413A19-44D3-4B8C-B7CB-AB54A8A9296E}.Release|x64.ActiveCfg = Release|x64
		{27413A19-44D3-4B8C-B7CB-AB54A8A9296E}.Release|x64.Build.0 = Release|x64
		{27413A19-44D3-4B8C-B7CB-AB54A8A9296E}.Release|x86.ActiveCfg = Release|Win32
		{27413A19-44D3-4B8C-B7CB-AB54A8A9296E}.Release|x86.Build.0 = Release|Win32
		{3F6D5AB5-8DEB-450A-A259-DCAC3C7AABC0}.Debug|x64.ActiveCfg = Debug|x64
		{3F6D5AB5-8DEB-450A-A259-DCAC3C7AABC0}.Debug|x64.Build.0 = Debug|x64
		{3F6D5AB5-8DEB-450A-A259-DCAC3C7AABC0}.Debug|x86.ActiveCfg = Debug|Win32
		{3F6D5AB5-8DEB-450A-A259-DCAC3C7AABC0}.Debug|x86.Build.0 = Debug|Win32
		{3F6D5AB5-8DEB-450A-A259-DCAC3C7AABC0}.Release|x64.ActiveCfg = Release|x64
		{3F6D5AB5-8DEB-450A-A259-DCAC3C7AABC0}.Release|x64.Build.0 = Release|x64
		{3F6D5AB5-8DEB-450A-A259-DCAC3C7AABC0}.Release|x86.ActiveCfg = Release|Win32
		{3F6D5AB5-8DEB-450A-A259-DCAC3C7AABC0}.Release|x86.Build.0 = Release|Win32
	EndGlobalSection
	GlobalSection(SolutionProperties) = preSolution
		HideSolutionNode = FALSE
	EndGlobalSection
	GlobalSection(ExtensibilityGlobals) = postSolution
		SolutionGuid = {34198060-09A3-47B0-8720-403967A74195}
	EndGlobalSection
EndGlobal
